
Microsoft Visual Studio Solution File, Format Version 12.00
# Visual Studio Version 17
VisualStudioVersion = 17.7.34202.233
MinimumVisualStudioVersion = 10.0.40219.1
Project("{FAE04EC0-301F-11D3-BF4B-00C04F79EFBC}") = "GenerateQRCode", "GenerateQRCode\GenerateQRCode.csproj", "{D7D1D357-1159-49A6-8E8C-A8541B82ECE4}"
EndProject
Global
	GlobalSection(SolutionConfigurationPlatforms) = preSolution
		Debug|Any CPU = Debug|Any CPU
		Release|Any CPU = Release|Any CPU
	EndGlobalSection
	GlobalSection(ProjectConfigurationPlatforms) = postSolution
		{D7D1D357-1159-49A6-8E8C-A8541B82ECE4}.Debug|Any CPU.ActiveCfg = Debug|Any CPU
		{D7D1D357-1159-49A6-8E8C-A8541B82ECE4}.Debug|Any CPU.Build.0 = Debug|Any CPU
		{D7D1D357-1159-49A6-8E8C-A8541B82ECE4}.Release|Any CPU.ActiveCfg = Release|Any CPU
		{D7D1D357-1159-49A6-8E8C-A8541B82ECE4}.Release|Any CPU.Build.0 = Release|Any CPU
	EndGlobalSection
	GlobalSection(SolutionProperties) = preSolution
		HideSolutionNode = FALSE
	EndGlobalSection
	GlobalSection(ExtensibilityGlobals) = postSolution
		SolutionGuid = {F195FC88-2480-4C1D-AEC6-9E4218CB97F6}
	EndGlobalSection
EndGlobal
